
Microsoft Visual Studio Solution File, Format Version 12.00
# Visual Studio 15
VisualStudioVersion = 15.0.26730.10
MinimumVisualStudioVersion = 10.0.40219.1
Project("{FAE04EC0-301F-11D3-BF4B-00C04F79EFBC}") = "Dylan_MCG2000", "Dylan_MCG2000\Dylan_MCG2000.csproj", "{C95E71CB-7CDC-425E-8568-B24C42EE502F}"
EndProject
Project("{FAE04EC0-301F-11D3-BF4B-00C04F79EFBC}") = "MCG_Classes", "MCG_Classes\MCG_Classes.csproj", "{2DBD912B-3BDF-4AFD-A8CA-4AF9BD148B34}"
EndProject
Project("{FAE04EC0-301F-11D3-BF4B-00C04F79EFBC}") = "Tests", "Tests\Tests.csproj", "{1D0B5C9C-5FC8-414E-BB5B-05E81879C6E4}"
EndProject
Global
	GlobalSection(SolutionConfigurationPlatforms) = preSolution
		Debug|Any CPU = Debug|Any CPU
		Release|Any CPU = Release|Any CPU
	EndGlobalSection
	GlobalSection(ProjectConfigurationPlatforms) = postSolution
		{C95E71CB-7CDC-425E-8568-B24C42EE502F}.Debug|Any CPU.ActiveCfg = Debug|Any CPU
		{C95E71CB-7CDC-425E-8568-B24C42EE502F}.Debug|Any CPU.Build.0 = Debug|Any CPU
		{C95E71CB-7CDC-425E-8568-B24C42EE502F}.Release|Any CPU.ActiveCfg = Release|Any CPU
		{C95E71CB-7CDC-425E-8568-B24C42EE502F}.Release|Any CPU.Build.0 = Release|Any CPU
		{2DBD912B-3BDF-4AFD-A8CA-4AF9BD148B34}.Debug|Any CPU.ActiveCfg = Debug|Any CPU
		{2DBD912B-3BDF-4AFD-A8CA-4AF9BD148B34}.Debug|Any CPU.Build.0 = Debug|Any CPU
		{2DBD912B-3BDF-4AFD-A8CA-4AF9BD148B34}.Release|Any CPU.ActiveCfg = Release|Any CPU
		{2DBD912B-3BDF-4AFD-A8CA-4AF9BD148B34}.Release|Any CPU.Build.0 = Release|Any CPU
		{1D0B5C9C-5FC8-414E-BB5B-05E81879C6E4}.Debug|Any CPU.ActiveCfg = Debug|Any CPU
		{1D0B5C9C-5FC8-414E-BB5B-05E81879C6E4}.Debug|Any CPU.Build.0 = Debug|Any CPU
		{1D0B5C9C-5FC8-414E-BB5B-05E81879C6E4}.Release|Any CPU.ActiveCfg = Release|Any CPU
		{1D0B5C9C-5FC8-414E-BB5B-05E81879C6E4}.Release|Any CPU.Build.0 = Release|Any CPU
	EndGlobalSection
	GlobalSection(SolutionProperties) = preSolution
		HideSolutionNode = FALSE
	EndGlobalSection
	GlobalSection(ExtensibilityGlobals) = postSolution
		SolutionGuid = {E6250958-B073-4C99-A305-4FEF127CE731}
	EndGlobalSection
EndGlobal
